
Microsoft Visual Studio Solution File, Format Version 12.00
# Visual Studio 15
VisualStudioVersion = 15.0.28307.1259
MinimumVisualStudioVersion = 10.0.40219.1
Project("{FAE04EC0-301F-11D3-BF4B-00C04F79EFBC}") = "TravelRecordsApp.Android", "TravelRecordsApp\TravelRecordsApp.Android\TravelRecordsApp.Android.csproj", "{48416135-242D-4FAF-8CDB-1B39DBD3AC30}"
EndProject
Project("{FAE04EC0-301F-11D3-BF4B-00C04F79EFBC}") = "TravelRecordsApp.iOS", "TravelRecordsApp\TravelRecordsApp.iOS\TravelRecordsApp.iOS.csproj", "{35BAEB91-9963-4107-8A90-DBB994375636}"
EndProject
Project("{FAE04EC0-301F-11D3-BF4B-00C04F79EFBC}") = "TravelRecordsApp", "TravelRecordsApp\TravelRecordsApp\TravelRecordsApp.csproj", "{2DC2192C-ED67-4ADC-A8F0-394D35399F79}"
EndProject
Global
	GlobalSection(SolutionConfigurationPlatforms) = preSolution
		Ad-Hoc|Any CPU = Ad-Hoc|Any CPU
		Ad-Hoc|iPhone = Ad-Hoc|iPhone
		Ad-Hoc|iPhoneSimulator = Ad-Hoc|iPhoneSimulator
		AppStore|Any CPU = AppStore|Any CPU
		AppStore|iPhone = AppStore|iPhone
		AppStore|iPhoneSimulator = AppStore|iPhoneSimulator
		Debug|Any CPU = Debug|Any CPU
		Debug|iPhone = Debug|iPhone
		Debug|iPhoneSimulator = Debug|iPhoneSimulator
		Release|Any CPU = Release|Any CPU
		Release|iPhone = Release|iPhone
		Release|iPhoneSimulator = Release|iPhoneSimulator
	EndGlobalSection
	GlobalSection(ProjectConfigurationPlatforms) = postSolution
		{48416135-242D-4FAF-8CDB-1B39DBD3AC30}.Ad-Hoc|Any CPU.ActiveCfg = Release|Any CPU
		{48416135-242D-4FAF-8CDB-1B39DBD3AC30}.Ad-Hoc|Any CPU.Build.0 = Release|Any CPU
		{48416135-242D-4FAF-8CDB-1B39DBD3AC30}.Ad-Hoc|Any CPU.Deploy.0 = Release|Any CPU
		{48416135-242D-4FAF-8CDB-1B39DBD3AC30}.Ad-Hoc|iPhone.ActiveCfg = Release|Any CPU
		{48416135-242D-4FAF-8CDB-1B39DBD3AC30}.Ad-Hoc|iPhone.Build.0 = Release|Any CPU
		{48416135-242D-4FAF-8CDB-1B39DBD3AC30}.Ad-Hoc|iPhone.Deploy.0 = Release|Any CPU
		{48416135-242D-4FAF-8CDB-1B39DBD3AC30}.Ad-Hoc|iPhoneSimulator.ActiveCfg = Release|Any CPU
		{48416135-242D-4FAF-8CDB-1B39DBD3AC30}.Ad-Hoc|iPhoneSimulator.Build.0 = Release|Any CPU
		{48416135-242D-4FAF-8CDB-1B39DBD3AC30}.Ad-Hoc|iPhoneSimulator.Deploy.0 = Release|Any CPU
		{48416135-242D-4FAF-8CDB-1B39DBD3AC30}.AppStore|Any CPU.ActiveCfg = Release|Any CPU
		{48416135-242D-4FAF-8CDB-1B39DBD3AC30}.AppStore|Any CPU.Build.0 = Release|Any CPU
		{48416135-242D-4FAF-8CDB-1B39DBD3AC30}.AppStore|Any CPU.Deploy.0 = Release|Any CPU
		{48416135-242D-4FAF-8CDB-1B39DBD3AC30}.AppStore|iPhone.ActiveCfg = Release|Any CPU
		{48416135-242D-4FAF-8CDB-1B39DBD3AC30}.AppStore|iPhone.Build.0 = Release|Any CPU
		{48416135-242D-4FAF-8CDB-1B39DBD3AC30}.AppStore|iPhone.Deploy.0 = Release|Any CPU
		{48416135-242D-4FAF-8CDB-1B39DBD3AC30}.AppStore|iPhoneSimulator.ActiveCfg = Release|Any CPU
		{48416135-242D-4FAF-8CDB-1B39DBD3AC30}.AppStore|iPhoneSimulator.Build.0 = Release|Any CPU
		{48416135-242D-4FAF-8CDB-1B39DBD3AC30}.AppStore|iPhoneSimulator.Deploy.0 = Release|Any CPU
		{48416135-242D-4FAF-8CDB-1B39DBD3AC30}.Debug|Any CPU.ActiveCfg = Debug|Any CPU
		{48416135-242D-4FAF-8CDB-1B39DBD3AC30}.Debug|Any CPU.Build.0 = Debug|Any CPU
		{48416135-242D-4FAF-8CDB-1B39DBD3AC30}.Debug|Any CPU.Deploy.0 = Debug|Any CPU
		{48416135-242D-4FAF-8CDB-1B39DBD3AC30}.Debug|iPhone.ActiveCfg = Debug|Any CPU
		{48416135-242D-4FAF-8CDB-1B39DBD3AC30}.Debug|iPhone.Build.0 = Debug|Any CPU
		{48416135-242D-4FAF-8CDB-1B39DBD3AC30}.Debug|iPhone.Deploy.0 = Debug|Any CPU
		{48416135-242D-4FAF-8CDB-1B39DBD3AC30}.Debug|iPhoneSimulator.ActiveCfg = Debug|Any CPU
		{48416135-242D-4FAF-8CDB-1B39DBD3AC30}.Debug|iPhoneSimulator.Build.0 = Debug|Any CPU
		{48416135-242D-4FAF-8CDB-1B39DBD3AC30}.Debug|iPhoneSimulator.Deploy.0 = Debug|Any CPU
		{48416135-242D-4FAF-8CDB-1B39DBD3AC30}.Release|Any CPU.ActiveCfg = Release|Any CPU
		{48416135-242D-4FAF-8CDB-1B39DBD3AC30}.Release|Any CPU.Build.0 = Release|Any CPU
		{48416135-242D-4FAF-8CDB-1B39DBD3AC30}.Release|Any CPU.Deploy.0 = Release|Any CPU
		{48416135-242D-4FAF-8CDB-1B39DBD3AC30}.Release|iPhone.ActiveCfg = Release|Any CPU
		{48416135-242D-4FAF-8CDB-1B39DBD3AC30}.Release|iPhone.Build.0 = Release|Any CPU
		{48416135-242D-4FAF-8CDB-1B39DBD3AC30}.Release|iPhone.Deploy.0 = Release|Any CPU
		{48416135-242D-4FAF-8CDB-1B39DBD3AC30}.Release|iPhoneSimulator.ActiveCfg = Release|Any CPU
		{48416135-242D-4FAF-8CDB-1B39DBD3AC30}.Release|iPhoneSimulator.Build.0 = Release|Any CPU
		{48416135-242D-4FAF-8CDB-1B39DBD3AC30}.Release|iPhoneSimulator.Deploy.0 = Release|Any CPU
		{35BAEB91-9963-4107-8A90-DBB994375636}.Ad-Hoc|Any CPU.ActiveCfg = Ad-Hoc|iPhone
		{35BAEB91-9963-4107-8A90-DBB994375636}.Ad-Hoc|Any CPU.Build.0 = Ad-Hoc|iPhone
		{35BAEB91-9963-4107-8A90-DBB994375636}.Ad-Hoc|Any CPU.Deploy.0 = Ad-Hoc|iPhone
		{35BAEB91-9963-4107-8A90-DBB994375636}.Ad-Hoc|iPhone.ActiveCfg = Ad-Hoc|iPhone
		{35BAEB91-9963-4107-8A90-DBB994375636}.Ad-Hoc|iPhone.Build.0 = Ad-Hoc|iPhone
		{35BAEB91-9963-4107-8A90-DBB994375636}.Ad-Hoc|iPhone.Deploy.0 = Ad-Hoc|iPhone
		{35BAEB91-9963-4107-8A90-DBB994375636}.Ad-Hoc|iPhoneSimulator.ActiveCfg = Ad-Hoc|iPhoneSimulator
		{35BAEB91-9963-4107-8A90-DBB994375636}.Ad-Hoc|iPhoneSimulator.Build.0 = Ad-Hoc|iPhoneSimulator
		{35BAEB91-9963-4107-8A90-DBB994375636}.Ad-Hoc|iPhoneSimulator.Deploy.0 = Ad-Hoc|iPhoneSimulator
		{35BAEB91-9963-4107-8A90-DBB994375636}.AppStore|Any CPU.ActiveCfg = AppStore|iPhone
		{35BAEB91-9963-4107-8A90-DBB994375636}.AppStore|Any CPU.Build.0 = AppStore|iPhone
		{35BAEB91-9963-4107-8A90-DBB994375636}.AppStore|Any CPU.Deploy.0 = AppStore|iPhone
		{35BAEB91-9963-4107-8A90-DBB994375636}.AppStore|iPhone.ActiveCfg = AppStore|iPhone
		{35BAEB91-9963-4107-8A90-DBB994375636}.AppStore|iPhone.Build.0 = AppStore|iPhone
		{35BAEB91-9963-4107-8A90-DBB994375636}.AppStore|iPhone.Deploy.0 = AppStore|iPhone
		{35BAEB91-9963-4107-8A90-DBB994375636}.AppStore|iPhoneSimulator.ActiveCfg = AppStore|iPhoneSimulator
		{35BAEB91-9963-4107-8A90-DBB994375636}.AppStore|iPhoneSimulator.Build.0 = AppStore|iPhoneSimulator
		{35BAEB91-9963-4107-8A90-DBB994375636}.AppStore|iPhoneSimulator.Deploy.0 = AppStore|iPhoneSimulator
		{35BAEB91-9963-4107-8A90-DBB994375636}.Debug|Any CPU.ActiveCfg = Debug|iPhoneSimulator
		{35BAEB91-9963-4107-8A90-DBB994375636}.Debug|Any CPU.Build.0 = Debug|iPhoneSimulator
		{35BAEB91-9963-4107-8A90-DBB994375636}.Debug|Any CPU.Deploy.0 = Debug|iPhoneSimulator
		{35BAEB91-9963-4107-8A90-DBB994375636}.Debug|iPhone.ActiveCfg = Debug|iPhone
		{35BAEB91-9963-4107-8A90-DBB994375636}.Debug|iPhone.Build.0 = Debug|iPhone
		{35BAEB91-9963-4107-8A90-DBB994375636}.Debug|iPhone.Deploy.0 = Debug|iPhone
		{35BAEB91-9963-4107-8A90-DBB994375636}.Debug|iPhoneSimulator.ActiveCfg = Debug|iPhoneSimulator
		{35BAEB91-9963-4107-8A90-DBB994375636}.Debug|iPhoneSimulator.Build.0 = Debug|iPhoneSimulator
		{35BAEB91-9963-4107-8A90-DBB994375636}.Debug|iPhoneSimulator.Deploy.0 = Debug|iPhoneSimulator
		{35BAEB91-9963-4107-8A90-DBB994375636}.Release|Any CPU.ActiveCfg = Release|iPhone
		{35BAEB91-9963-4107-8A90-DBB994375636}.Release|Any CPU.Build.0 = Release|iPhone
		{35BAEB91-9963-4107-8A90-DBB994375636}.Release|Any CPU.Deploy.0 = Release|iPhone
		{35BAEB91-9963-4107-8A90-DBB994375636}.Release|iPhone.ActiveCfg = Release|iPhone
		{35BAEB91-9963-4107-8A90-DBB994375636}.Release|iPhone.Build.0 = Release|iPhone
		{35BAEB91-9963-4107-8A90-DBB994375636}.Release|iPhone.Deploy.0 = Release|iPhone
		{35BAEB91-9963-4107-8A90-DBB994375636}.Release|iPhoneSimulator.ActiveCfg = Release|iPhoneSimulator
		{35BAEB91-9963-4107-8A90-DBB994375636}.Release|iPhoneSimulator.Build.0 = Release|iPhoneSimulator
		{35BAEB91-9963-4107-8A90-DBB994375636}.Release|iPhoneSimulator.Deploy.0 = Release|iPhoneSimulator
		{2DC2192C-ED67-4ADC-A8F0-394D35399F79}.Ad-Hoc|Any CPU.ActiveCfg = Debug|Any CPU
		{2DC2192C-ED67-4ADC-A8F0-394D35399F79}.Ad-Hoc|Any CPU.Build.0 = Debug|Any CPU
		{2DC2192C-ED67-4ADC-A8F0-394D35399F79}.Ad-Hoc|Any CPU.Deploy.0 = Debug|Any CPU
		{2DC2192C-ED67-4ADC-A8F0-394D35399F79}.Ad-Hoc|iPhone.ActiveCfg = Debug|Any CPU
		{2DC2192C-ED67-4ADC-A8F0-394D35399F79}.Ad-Hoc|iPhone.Build.0 = Debug|Any CPU
		{2DC2192C-ED67-4ADC-A8F0-394D35399F79}.Ad-Hoc|iPhone.Deploy.0 = Debug|Any CPU
		{2DC2192C-ED67-4ADC-A8F0-394D35399F79}.Ad-Hoc|iPhoneSimulator.ActiveCfg = Debug|Any CPU
		{2DC2192C-ED67-4ADC-A8F0-394D35399F79}.Ad-Hoc|iPhoneSimulator.Build.0 = Debug|Any CPU
		{2DC2192C-ED67-4ADC-A8F0-394D35399F79}.Ad-Hoc|iPhoneSimulator.Deploy.0 = Debug|Any CPU
		{2DC2192C-ED67-4ADC-A8F0-394D35399F79}.AppStore|Any CPU.ActiveCfg = Debug|Any CPU
		{2DC2192C-ED67-4ADC-A8F0-394D35399F79}.AppStore|Any CPU.Build.0 = Debug|Any CPU
		{2DC2192C-ED67-4ADC-A8F0-394D35399F79}.AppStore|Any CPU.Deploy.0 = Debug|Any CPU
		{2DC2192C-ED67-4ADC-A8F0-394D35399F79}.AppStore|iPhone.ActiveCfg = Debug|Any CPU
		{2DC2192C-ED67-4ADC-A8F0-394D35399F79}.AppStore|iPhone.Build.0 = Debug|Any CPU
		{2DC2192C-ED67-4ADC-A8F0-394D35399F79}.AppStore|iPhone.Deploy.0 = Debug|Any CPU
		{2DC2192C-ED67-4ADC-A8F0-394D35399F79}.AppStore|iPhoneSimulator.ActiveCfg = Debug|Any CPU
		{2DC2192C-ED67-4ADC-A8F0-394D35399F79}.AppStore|iPhoneSimulator.Build.0 = Debug|Any CPU
		{2DC2192C-ED67-4ADC-A8F0-394D35399F79}.AppStore|iPhoneSimulator.Deploy.0 = Debug|Any CPU
		{2DC2192C-ED67-4ADC-A8F0-394D35399F79}.Debug|Any CPU.ActiveCfg = Debug|Any CPU
		{2DC2192C-ED67-4ADC-A8F0-394D35399F79}.Debug|Any CPU.Build.0 = Debug|Any CPU
		{2DC2192C-ED67-4ADC-A8F0-394D35399F79}.Debug|Any CPU.Deploy.0 = Debug|Any CPU
		{2DC2192C-ED67-4ADC-A8F0-394D35399F79}.Debug|iPhone.ActiveCfg = Debug|Any CPU
		{2DC2192C-ED67-4ADC-A8F0-394D35399F79}.Debug|iPhone.Build.0 = Debug|Any CPU
		{2DC2192C-ED67-4ADC-A8F0-394D35399F79}.Debug|iPhone.Deploy.0 = Debug|Any CPU
		{2DC2192C-ED67-4ADC-A8F0-394D35399F79}.Debug|iPhoneSimulator.ActiveCfg = Debug|Any CPU
		{2DC2192C-ED67-4ADC-A8F0-394D35399F79}.Debug|iPhoneSimulator.Build.0 = Debug|Any CPU
		{2DC2192C-ED67-4ADC-A8F0-394D35399F79}.Debug|iPhoneSimulator.Deploy.0 = Debug|Any CPU
		{2DC2192C-ED67-4ADC-A8F0-394D35399F79}.Release|Any CPU.ActiveCfg = Release|Any CPU
		{2DC2192C-ED67-4ADC-A8F0-394D35399F79}.Release|Any CPU.Build.0 = Release|Any CPU
		{2DC2192C-ED67-4ADC-A8F0-394D35399F79}.Release|Any CPU.Deploy.0 = Release|Any CPU
		{2DC2192C-ED67-4ADC-A8F0-394D35399F79}.Release|iPhone.ActiveCfg = Release|Any CPU
		{2DC2192C-ED67-4ADC-A8F0-394D35399F79}.Release|iPhone.Build.0 = Release|Any CPU
		{2DC2192C-ED67-4ADC-A8F0-394D35399F79}.Release|iPhone.Deploy.0 = Release|Any CPU
		{2DC2192C-ED67-4ADC-A8F0-394D35399F79}.Release|iPhoneSimulator.ActiveCfg = Release|Any CPU
		{2DC2192C-ED67-4ADC-A8F0-394D35399F79}.Release|iPhoneSimulator.Build.0 = Release|Any CPU
		{2DC2192C-ED67-4ADC-A8F0-394D35399F79}.Release|iPhoneSimulator.Deploy.0 = Release|Any CPU
	EndGlobalSection
	GlobalSection(SolutionProperties) = preSolution
		HideSolutionNode = FALSE
	EndGlobalSection
	GlobalSection(ExtensibilityGlobals) = postSolution
		SolutionGuid = {C4F52A30-DE2B-41C6-A53A-9A3CF63CF6E2}
	EndGlobalSection
EndGlobal
